
Microsoft Visual Studio Solution File, Format Version 12.00
# Visual Studio Version 17
VisualStudioVersion = 17.13.35913.81
MinimumVisualStudioVersion = 10.0.40219.1
Project("{FAE04EC0-301F-11D3-BF4B-00C04F79EFBC}") = "minibanque", "WebApplication1\minibanque.csproj", "{B3291F66-F07C-48ED-BF25-C5FF0956B945}"
EndProject
Global
	GlobalSection(SolutionConfigurationPlatforms) = preSolution
		Debug|Any CPU = Debug|Any CPU
		Release|Any CPU = Release|Any CPU
	EndGlobalSection
	GlobalSection(ProjectConfigurationPlatforms) = postSolution
		{B3291F66-F07C-48ED-BF25-C5FF0956B945}.Debug|Any CPU.ActiveCfg = Debug|Any CPU
		{B3291F66-F07C-48ED-BF25-C5FF0956B945}.Debug|Any CPU.Build.0 = Debug|Any CPU
		{B3291F66-F07C-48ED-BF25-C5FF0956B945}.Release|Any CPU.ActiveCfg = Release|Any CPU
		{B3291F66-F07C-48ED-BF25-C5FF0956B945}.Release|Any CPU.Build.0 = Release|Any CPU
	EndGlobalSection
	GlobalSection(SolutionProperties) = preSolution
		HideSolutionNode = FALSE
	EndGlobalSection
	GlobalSection(ExtensibilityGlobals) = postSolution
		SolutionGuid = {69725D5F-F929-46A9-BA4B-B9EB28498E8B}
	EndGlobalSection
EndGlobal
